# This file is autogenerated, do not edit; changes may be undone by the next 'dep ensure'.


[[projects]]
  branch = "master"
  name = "github.com/google/shlex"
  packages = ["."]
  revision = "6f45313302b9c56850fc17f99e40caebce98c716"

[[projects]]
  name = "github.com/julienschmidt/httprouter"
  packages = ["."]
  revision = "8c199fb6259ffc1af525cc3ad52ee60ba8359669"
  version = "v1.1"

[[projects]]
  name = "github.com/timtadh/combos"
  packages = ["."]
  revision = "8f75337223504d0fceeb701c3c4a261a13141b61"
  version = "v0.1.0"

[[projects]]
  name = "github.com/timtadh/data-structures"
  packages = ["errors","exc","hashtable","heap","list","set","test","tree","tree/avl","types"]
  revision = "cd917ad609bdb63c00235a988ef8031d64d8c9b4"
  version = "v0.5.0"

[[projects]]
  name = "github.com/timtadh/dot"
  packages = ["."]
  revision = "e9efd4e2fa330491e6fa0ab717c796abe8f189f7"
  version = "v0.1.0"

[[projects]]
  name = "github.com/timtadh/getopt"
  packages = ["."]
  revision = "29f1208d827b977f2e4060ca9923032b34094187"
  version = "v1.0.0"

[[projects]]
  branch = "go1"
  name = "github.com/timtadh/go.matrix"
  packages = ["."]
  revision = "885f4f61e20339c45aae48900d0666bd4ae63155"

[[projects]]
  branch = "master"
  name = "github.com/timtadh/goiso"
  packages = ["bliss"]
  revision = "740a65d0c06dc74c2bb34b07092edaf53398088d"

[[projects]]
  name = "github.com/timtadh/lexmachine"
  packages = [".","frontend","inst","machines","queue"]
  revision = "2b4da623415beffcab7a8f85066e3ed8a4996c16"
  version = "v0.1.0"

[[projects]]
  branch = "master"
  name = "golang.org/x/tools"
  packages = ["go/ast/astutil","go/buildutil","go/loader"]
  revision = "bc6db94186c03835daa5c1c679fba599dc1f3b79"

[solve-meta]
  analyzer-name = "dep"
  analyzer-version = 1
  inputs-digest = "734ef4e4da13b89e0a054e824a3bed5d823b82054870138a4fe8b736a427d17e"
  solver-name = "gps-cdcl"
  solver-version = 1
